
Microsoft Visual Studio Solution File, Format Version 12.00
# Visual Studio 15
VisualStudioVersion = 15.0.28307.902
MinimumVisualStudioVersion = 10.0.40219.1
Project("{9A19103F-16F7-4668-BE54-9A1E7A4F7556}") = "Core.WebAPI", "Core.WebAPI\Core.WebAPI.csproj", "{554289DE-3B9F-49EC-85F6-4B0265C603CA}"
EndProject
Project("{FAE04EC0-301F-11D3-BF4B-00C04F79EFBC}") = "Core.WebAPI.Test", "Core.WebAPI.Test\Core.WebAPI.Test.csproj", "{5582E94B-6329-496E-AD42-2E1AB8C50266}"
EndProject
Global
	GlobalSection(SolutionConfigurationPlatforms) = preSolution
		Debug|Any CPU = Debug|Any CPU
		Release|Any CPU = Release|Any CPU
	EndGlobalSection
	GlobalSection(ProjectConfigurationPlatforms) = postSolution
		{554289DE-3B9F-49EC-85F6-4B0265C603CA}.Debug|Any CPU.ActiveCfg = Debug|Any CPU
		{554289DE-3B9F-49EC-85F6-4B0265C603CA}.Debug|Any CPU.Build.0 = Debug|Any CPU
		{554289DE-3B9F-49EC-85F6-4B0265C603CA}.Release|Any CPU.ActiveCfg = Release|Any CPU
		{554289DE-3B9F-49EC-85F6-4B0265C603CA}.Release|Any CPU.Build.0 = Release|Any CPU
		{5582E94B-6329-496E-AD42-2E1AB8C50266}.Debug|Any CPU.ActiveCfg = Debug|Any CPU
		{5582E94B-6329-496E-AD42-2E1AB8C50266}.Debug|Any CPU.Build.0 = Debug|Any CPU
		{5582E94B-6329-496E-AD42-2E1AB8C50266}.Release|Any CPU.ActiveCfg = Release|Any CPU
		{5582E94B-6329-496E-AD42-2E1AB8C50266}.Release|Any CPU.Build.0 = Release|Any CPU
	EndGlobalSection
	GlobalSection(SolutionProperties) = preSolution
		HideSolutionNode = FALSE
	EndGlobalSection
	GlobalSection(ExtensibilityGlobals) = postSolution
		SolutionGuid = {30925CBE-6BCC-4884-9CB9-5437B4F82568}
	EndGlobalSection
EndGlobal
